# This file was autogenerated by Stack.
# You should not edit this file by hand.
# For more information, please see the documentation at:
#   https://docs.haskellstack.org/en/stable/lock_files

packages:
- completed:
    hackage: ms-tds-0.4.0.0@sha256:bbe340d5fc687b5fd5a60229ba1bc6e296a236f679b7339844991a70c085d058,2231
    pantry-tree:
      size: 1369
      sha256: 66f224b736429b7310c917b31269bc78770314634ea60e2283c88db861e78b2d
  original:
    hackage: ms-tds-0.4.0.0@sha256:bbe340d5fc687b5fd5a60229ba1bc6e296a236f679b7339844991a70c085d058,2231
- completed:
    hackage: mssql-simple-0.6.0.0@sha256:011b8ac08cc6977a83fc1dbeffcdf0c744fe877c5e3d0f158d54941d48870828,2055
    pantry-tree:
      size: 1054
      sha256: 4ab8841ad4c9f097ff5bee106e6d7f21ddf3f4ff3d0f12d0f8cf2ee3148167c1
  original:
    hackage: mssql-simple-0.6.0.0@sha256:011b8ac08cc6977a83fc1dbeffcdf0c744fe877c5e3d0f158d54941d48870828,2055
snapshots:
- completed:
    size: 525663
    url: https://raw.githubusercontent.com/commercialhaskell/stackage-snapshots/master/lts/14/14.yaml
    sha256: 6edc48df46eb8bf7b861e98dd30d021a92c2e1820c9bb6528aac5d997b0e14ef
  original: lts-14.14
